Microsoft Visual Studio Solution File, Format Version 12.00
# Visual Studio 2012
Project("{8BC9CEB8-8B4A-11D0-8D11-00A0C91BC942}") = "ALL_BUILD", "ALL_BUILD.vcxproj", "{9E41B18A-0DFF-4461-8771-F98805703DB5}"
	ProjectSection(ProjectDependencies) = postProject
		{F2DD4784-88F3-4703-A380-03957223167A} = {F2DD4784-88F3-4703-A380-03957223167A}
		{0076EEA9-EA3E-4602-A2F0-C300DD3648EF} = {0076EEA9-EA3E-4602-A2F0-C300DD3648EF}
	EndProjectSection
EndProject
Project("{8BC9CEB8-8B4A-11D0-8D11-00A0C91BC942}") = "INSTALL", "INSTALL.vcxproj", "{A91B4773-810C-4188-94C8-49D6150C75AC}"
	ProjectSection(ProjectDependencies) = postProject
		{9E41B18A-0DFF-4461-8771-F98805703DB5} = {9E41B18A-0DFF-4461-8771-F98805703DB5}
	EndProjectSection
EndProject
Project("{8BC9CEB8-8B4A-11D0-8D11-00A0C91BC942}") = "KrisLibrary", "KrisLibrary.vcxproj", "{F2DD4784-88F3-4703-A380-03957223167A}"
	ProjectSection(ProjectDependencies) = postProject
		{0076EEA9-EA3E-4602-A2F0-C300DD3648EF} = {0076EEA9-EA3E-4602-A2F0-C300DD3648EF}
	EndProjectSection
EndProject
Project("{8BC9CEB8-8B4A-11D0-8D11-00A0C91BC942}") = "PACKAGE", "PACKAGE.vcxproj", "{11227C2E-908A-405E-AFEB-828097232E46}"
	ProjectSection(ProjectDependencies) = postProject
		{9E41B18A-0DFF-4461-8771-F98805703DB5} = {9E41B18A-0DFF-4461-8771-F98805703DB5}
	EndProjectSection
EndProject
Project("{8BC9CEB8-8B4A-11D0-8D11-00A0C91BC942}") = "ZERO_CHECK", "ZERO_CHECK.vcxproj", "{0076EEA9-EA3E-4602-A2F0-C300DD3648EF}"
	ProjectSection(ProjectDependencies) = postProject
	EndProjectSection
EndProject
Project("{8BC9CEB8-8B4A-11D0-8D11-00A0C91BC942}") = "uninstall", "uninstall.vcxproj", "{1085E578-B4F2-4103-A83B-928299B53A19}"
	ProjectSection(ProjectDependencies) = postProject
		{0076EEA9-EA3E-4602-A2F0-C300DD3648EF} = {0076EEA9-EA3E-4602-A2F0-C300DD3648EF}
	EndProjectSection
EndProject
Global
	GlobalSection(SolutionConfigurationPlatforms) = preSolution
		Debug|Win32 = Debug|Win32
		Release|Win32 = Release|Win32
		MinSizeRel|Win32 = MinSizeRel|Win32
		RelWithDebInfo|Win32 = RelWithDebInfo|Win32
	EndGlobalSection
	GlobalSection(ProjectConfigurationPlatforms) = postSolution
		{9E41B18A-0DFF-4461-8771-F98805703DB5}.Debug|Win32.ActiveCfg = Debug|Win32
		{9E41B18A-0DFF-4461-8771-F98805703DB5}.Debug|Win32.Build.0 = Debug|Win32
		{9E41B18A-0DFF-4461-8771-F98805703DB5}.Release|Win32.ActiveCfg = Release|Win32
		{9E41B18A-0DFF-4461-8771-F98805703DB5}.Release|Win32.Build.0 = Release|Win32
		{9E41B18A-0DFF-4461-8771-F98805703DB5}.MinSizeRel|Win32.ActiveCfg = MinSizeRel|Win32
		{9E41B18A-0DFF-4461-8771-F98805703DB5}.MinSizeRel|Win32.Build.0 = MinSizeRel|Win32
		{9E41B18A-0DFF-4461-8771-F98805703DB5}.RelWithDebInfo|Win32.ActiveCfg = RelWithDebInfo|Win32
		{9E41B18A-0DFF-4461-8771-F98805703DB5}.RelWithDebInfo|Win32.Build.0 = RelWithDebInfo|Win32
		{A91B4773-810C-4188-94C8-49D6150C75AC}.Debug|Win32.ActiveCfg = Debug|Win32
		{A91B4773-810C-4188-94C8-49D6150C75AC}.Release|Win32.ActiveCfg = Release|Win32
		{A91B4773-810C-4188-94C8-49D6150C75AC}.MinSizeRel|Win32.ActiveCfg = MinSizeRel|Win32
		{A91B4773-810C-4188-94C8-49D6150C75AC}.RelWithDebInfo|Win32.ActiveCfg = RelWithDebInfo|Win32
		{F2DD4784-88F3-4703-A380-03957223167A}.Debug|Win32.ActiveCfg = Debug|Win32
		{F2DD4784-88F3-4703-A380-03957223167A}.Debug|Win32.Build.0 = Debug|Win32
		{F2DD4784-88F3-4703-A380-03957223167A}.Release|Win32.ActiveCfg = Release|Win32
		{F2DD4784-88F3-4703-A380-03957223167A}.Release|Win32.Build.0 = Release|Win32
		{F2DD4784-88F3-4703-A380-03957223167A}.MinSizeRel|Win32.ActiveCfg = MinSizeRel|Win32
		{F2DD4784-88F3-4703-A380-03957223167A}.MinSizeRel|Win32.Build.0 = MinSizeRel|Win32
		{F2DD4784-88F3-4703-A380-03957223167A}.RelWithDebInfo|Win32.ActiveCfg = RelWithDebInfo|Win32
		{F2DD4784-88F3-4703-A380-03957223167A}.RelWithDebInfo|Win32.Build.0 = RelWithDebInfo|Win32
		{11227C2E-908A-405E-AFEB-828097232E46}.Debug|Win32.ActiveCfg = Debug|Win32
		{11227C2E-908A-405E-AFEB-828097232E46}.Release|Win32.ActiveCfg = Release|Win32
		{11227C2E-908A-405E-AFEB-828097232E46}.MinSizeRel|Win32.ActiveCfg = MinSizeRel|Win32
		{11227C2E-908A-405E-AFEB-828097232E46}.RelWithDebInfo|Win32.ActiveCfg = RelWithDebInfo|Win32
		{0076EEA9-EA3E-4602-A2F0-C300DD3648EF}.Debug|Win32.ActiveCfg = Debug|Win32
		{0076EEA9-EA3E-4602-A2F0-C300DD3648EF}.Debug|Win32.Build.0 = Debug|Win32
		{0076EEA9-EA3E-4602-A2F0-C300DD3648EF}.Release|Win32.ActiveCfg = Release|Win32
		{0076EEA9-EA3E-4602-A2F0-C300DD3648EF}.Release|Win32.Build.0 = Release|Win32
		{0076EEA9-EA3E-4602-A2F0-C300DD3648EF}.MinSizeRel|Win32.ActiveCfg = MinSizeRel|Win32
		{0076EEA9-EA3E-4602-A2F0-C300DD3648EF}.MinSizeRel|Win32.Build.0 = MinSizeRel|Win32
		{0076EEA9-EA3E-4602-A2F0-C300DD3648EF}.RelWithDebInfo|Win32.ActiveCfg = RelWithDebInfo|Win32
		{0076EEA9-EA3E-4602-A2F0-C300DD3648EF}.RelWithDebInfo|Win32.Build.0 = RelWithDebInfo|Win32
		{1085E578-B4F2-4103-A83B-928299B53A19}.Debug|Win32.ActiveCfg = Debug|Win32
		{1085E578-B4F2-4103-A83B-928299B53A19}.Release|Win32.ActiveCfg = Release|Win32
		{1085E578-B4F2-4103-A83B-928299B53A19}.MinSizeRel|Win32.ActiveCfg = MinSizeRel|Win32
		{1085E578-B4F2-4103-A83B-928299B53A19}.RelWithDebInfo|Win32.ActiveCfg = RelWithDebInfo|Win32
	EndGlobalSection
	GlobalSection(ExtensibilityGlobals) = postSolution
	EndGlobalSection
	GlobalSection(ExtensibilityAddIns) = postSolution
	EndGlobalSection
EndGlobal
