<?xml version="1.0" encoding="utf-8"?>
<Project ToolsVersion="4.0" xmlns="http://schemas.microsoft.com/developer/msbuild/2003">
  <ItemGroup>
    <ClCompile Include="..\errors.cpp">
      <Filter>Source Files</Filter>
    </ClCompile>
    <ClCompile Include="..\myfile.cpp">
      <Filter>Source Files</Filter>
    </ClCompile>
    <ClCompile Include="..\Timer.cpp">
      <Filter>Source Files</Filter>
    </ClCompile>
    <ClCompile Include="..\camera\camera.cpp">
      <Filter>Source Files</Filter>
    </ClCompile>
    <ClCompile Include="..\camera\clip.cpp">
      <Filter>Source Files</Filter>
    </ClCompile>
    <ClCompile Include="..\camera\frustum.cpp">
      <Filter>Source Files</Filter>
    </ClCompile>
    <ClCompile Include="..\camera\transform.cpp">
      <Filter>Source Files</Filter>
    </ClCompile>
    <ClCompile Include="..\camera\viewport.cpp">
      <Filter>Source Files</Filter>
    </ClCompile>
    <ClCompile Include="..\geometry\AnyGeometry.cpp">
      <Filter>Source Files</Filter>
    </ClCompile>
    <ClCompile Include="..\geometry\Arrangement1D.cpp">
      <Filter>Source Files</Filter>
    </ClCompile>
    <ClCompile Include="..\geometry\CollisionMesh.cpp">
      <Filter>Source Files</Filter>
    </ClCompile>
    <ClCompile Include="..\geometry\CollisionPointCloud.cpp">
      <Filter>Source Files</Filter>
    </ClCompile>
    <ClCompile Include="..\geometry\ConvexHull2D.cpp">
      <Filter>Source Files</Filter>
    </ClCompile>
    <ClCompile Include="..\geometry\Fitting.cpp">
      <Filter>Source Files</Filter>
    </ClCompile>
    <ClCompile Include="..\geometry\Grid.cpp">
      <Filter>Source Files</Filter>
    </ClCompile>
    <ClCompile Include="..\geometry\GridSubdivision.cpp">
      <Filter>Source Files</Filter>
    </ClCompile>
    <ClCompile Include="..\geometry\KDTree.cpp">
      <Filter>Source Files</Filter>
    </ClCompile>
    <ClCompile Include="..\geometry\MonotoneChain.cpp">
      <Filter>Source Files</Filter>
    </ClCompile>
    <ClCompile Include="..\geometry\PenetrationDepth.cpp">
      <Filter>Source Files</Filter>
    </ClCompile>
    <ClCompile Include="..\geometry\PolytopeProjection.cpp">
      <Filter>Source Files</Filter>
    </ClCompile>
    <ClCompile Include="..\geometry\SegmentOverlay.cpp">
      <Filter>Source Files</Filter>
    </ClCompile>
    <ClCompile Include="..\geometry\UnboundedPolytope2D.cpp">
      <Filter>Source Files</Filter>
    </ClCompile>
    <ClCompile Include="..\GLdraw\ColorGradient.cpp">
      <Filter>Source Files</Filter>
    </ClCompile>
    <ClCompile Include="..\GLdraw\drawextra.cpp">
      <Filter>Source Files</Filter>
    </ClCompile>
    <ClCompile Include="..\GLdraw\drawgeometry.cpp">
      <Filter>Source Files</Filter>
    </ClCompile>
    <ClCompile Include="..\GLdraw\GeometryAppearance.cpp">
      <Filter>Source Files</Filter>
    </ClCompile>
    <ClCompile Include="..\GLdraw\GLColor.cpp">
      <Filter>Source Files</Filter>
    </ClCompile>
    <ClCompile Include="..\GLdraw\GLDisplayList.cpp">
      <Filter>Source Files</Filter>
    </ClCompile>
    <ClCompile Include="..\GLdraw\GLError.cpp">
      <Filter>Source Files</Filter>
    </ClCompile>
    <ClCompile Include="..\GLdraw\GLFog.cpp">
      <Filter>Source Files</Filter>
    </ClCompile>
    <ClCompile Include="..\GLdraw\GLLight.cpp">
      <Filter>Source Files</Filter>
    </ClCompile>
    <ClCompile Include="..\GLdraw\GLMaterial.cpp">
      <Filter>Source Files</Filter>
    </ClCompile>
    <ClCompile Include="..\GLdraw\GLScreenshot.cpp">
      <Filter>Source Files</Filter>
    </ClCompile>
    <ClCompile Include="..\GLdraw\GLTexture1D.cpp">
      <Filter>Source Files</Filter>
    </ClCompile>
    <ClCompile Include="..\GLdraw\GLTexture2D.cpp">
      <Filter>Source Files</Filter>
    </ClCompile>
    <ClCompile Include="..\GLdraw\GLTextureObject.cpp">
      <Filter>Source Files</Filter>
    </ClCompile>
    <ClCompile Include="..\GLdraw\GLUINavigationProgram.cpp">
      <Filter>Source Files</Filter>
    </ClCompile>
    <ClCompile Include="..\GLdraw\GLUIProgram.cpp">
      <Filter>Source Files</Filter>
    </ClCompile>
    <ClCompile Include="..\GLdraw\GLUTNavigationProgram.cpp">
      <Filter>Source Files</Filter>
    </ClCompile>
    <ClCompile Include="..\GLdraw\GLUTProgram.cpp">
      <Filter>Source Files</Filter>
    </ClCompile>
    <ClCompile Include="..\GLdraw\GLView.cpp">
      <Filter>Source Files</Filter>
    </ClCompile>
    <ClCompile Include="..\GLdraw\TransformWidget.cpp">
      <Filter>Source Files</Filter>
    </ClCompile>
    <ClCompile Include="..\image\bmp.cpp">
      <Filter>Source Files</Filter>
    </ClCompile>
    <ClCompile Include="..\image\gdi.cpp">
      <Filter>Source Files</Filter>
    </ClCompile>
    <ClCompile Include="..\image\image.cpp">
      <Filter>Source Files</Filter>
    </ClCompile>
    <ClCompile Include="..\image\import.cpp">
      <Filter>Source Files</Filter>
    </ClCompile>
    <ClCompile Include="..\image\ppm.cpp">
      <Filter>Source Files</Filter>
    </ClCompile>
    <ClCompile Include="..\image\textureops.cpp">
      <Filter>Source Files</Filter>
    </ClCompile>
    <ClCompile Include="..\image\tga.cpp">
      <Filter>Source Files</Filter>
    </ClCompile>
    <ClCompile Include="..\math\AABB.cpp">
      <Filter>Source Files</Filter>
    </ClCompile>
    <ClCompile Include="..\math\angle.cpp">
      <Filter>Source Files</Filter>
    </ClCompile>
    <ClCompile Include="..\math\AngleSet.cpp">
      <Filter>Source Files</Filter>
    </ClCompile>
    <ClCompile Include="..\math\ASCIIShade.cpp">
      <Filter>Source Files</Filter>
    </ClCompile>
    <ClCompile Include="..\math\backsubstitute.cpp">
      <Filter>Source Files</Filter>
    </ClCompile>
    <ClCompile Include="..\math\BLASInterface.cpp">
      <Filter>Source Files</Filter>
    </ClCompile>
    <ClCompile Include="..\math\BlockPrinter.cpp">
      <Filter>Source Files</Filter>
    </ClCompile>
    <ClCompile Include="..\math\BlockTridiagonalMatrix.cpp">
      <Filter>Source Files</Filter>
    </ClCompile>
    <ClCompile Include="..\math\BlockVector.cpp">
      <Filter>Source Files</Filter>
    </ClCompile>
    <ClCompile Include="..\math\brent.cpp">
      <Filter>Source Files</Filter>
    </ClCompile>
    <ClCompile Include="..\math\CholeskyDecomposition.cpp">
      <Filter>Source Files</Filter>
    </ClCompile>
    <ClCompile Include="..\math\complex.cpp">
      <Filter>Source Files</Filter>
    </ClCompile>
    <ClCompile Include="..\math\ConditionedConstraint.cpp">
      <Filter>Source Files</Filter>
    </ClCompile>
    <ClCompile Include="..\math\Conditioner.cpp">
      <Filter>Source Files</Filter>
    </ClCompile>
    <ClCompile Include="..\math\DiagonalMatrix.cpp">
      <Filter>Source Files</Filter>
    </ClCompile>
    <ClCompile Include="..\math\diffeq.cpp">
      <Filter>Source Files</Filter>
    </ClCompile>
    <ClCompile Include="..\math\differentiation.cpp">
      <Filter>Source Files</Filter>
    </ClCompile>
    <ClCompile Include="..\math\function.cpp">
      <Filter>Source Files</Filter>
    </ClCompile>
    <ClCompile Include="..\math\gaussian.cpp">
      <Filter>Source Files</Filter>
    </ClCompile>
    <ClCompile Include="..\math\GramSchmidt.cpp">
      <Filter>Source Files</Filter>
    </ClCompile>
    <ClCompile Include="..\math\Householder.cpp">
      <Filter>Source Files</Filter>
    </ClCompile>
    <ClCompile Include="..\math\InequalityConstraint.cpp">
      <Filter>Source Files</Filter>
    </ClCompile>
    <ClCompile Include="..\math\infnan.cpp">
      <Filter>Source Files</Filter>
    </ClCompile>
    <ClCompile Include="..\math\IntervalSet.cpp">
      <Filter>Source Files</Filter>
    </ClCompile>
    <ClCompile Include="..\math\LAPACKInterface.cpp">
      <Filter>Source Files</Filter>
    </ClCompile>
    <ClCompile Include="..\math\LDL.cpp">
      <Filter>Source Files</Filter>
    </ClCompile>
    <ClCompile Include="..\math\linalgebra.cpp">
      <Filter>Source Files</Filter>
    </ClCompile>
    <ClCompile Include="..\math\LinearlyDependent.cpp">
      <Filter>Source Files</Filter>
    </ClCompile>
    <ClCompile Include="..\math\LinearPath.cpp">
      <Filter>Source Files</Filter>
    </ClCompile>
    <ClCompile Include="..\math\LUDecomposition.cpp">
      <Filter>Source Files</Filter>
    </ClCompile>
    <ClCompile Include="..\math\MatrixEquationPrinter.cpp">
      <Filter>Source Files</Filter>
    </ClCompile>
    <ClCompile Include="..\math\MatrixPrinter.cpp">
      <Filter>Source Files</Filter>
    </ClCompile>
    <ClCompile Include="..\math\MatrixTemplate.cpp">
      <Filter>Source Files</Filter>
    </ClCompile>
    <ClCompile Include="..\math\metric.cpp">
      <Filter>Source Files</Filter>
    </ClCompile>
    <ClCompile Include="..\math\misc.cpp">
      <Filter>Source Files</Filter>
    </ClCompile>
    <ClCompile Include="..\math\QRDecomposition.cpp">
      <Filter>Source Files</Filter>
    </ClCompile>
    <ClCompile Include="..\math\quadrature.cpp">
      <Filter>Source Files</Filter>
    </ClCompile>
    <ClCompile Include="..\math\QuasiNewton.cpp">
      <Filter>Source Files</Filter>
    </ClCompile>
    <ClCompile Include="..\math\random.cpp">
      <Filter>Source Files</Filter>
    </ClCompile>
    <ClCompile Include="..\math\realfunction.cpp">
      <Filter>Source Files</Filter>
    </ClCompile>
    <ClCompile Include="..\math\root.cpp">
      <Filter>Source Files</Filter>
    </ClCompile>
    <ClCompile Include="..\math\RowEchelon.cpp">
      <Filter>Source Files</Filter>
    </ClCompile>
    <ClCompile Include="..\math\sample.cpp">
      <Filter>Source Files</Filter>
    </ClCompile>
    <ClCompile Include="..\math\SelfTest.cpp">
      <Filter>Source Files</Filter>
    </ClCompile>
    <ClCompile Include="..\math\SparseMatrixTemplate.cpp">
      <Filter>Source Files</Filter>
    </ClCompile>
    <ClCompile Include="..\math\SparseVectorTemplate.cpp">
      <Filter>Source Files</Filter>
    </ClCompile>
    <ClCompile Include="..\math\SVDecomposition.cpp">
      <Filter>Source Files</Filter>
    </ClCompile>
    <ClCompile Include="..\math\vectorfunction.cpp">
      <Filter>Source Files</Filter>
    </ClCompile>
    <ClCompile Include="..\math\VectorPrinter.cpp">
      <Filter>Source Files</Filter>
    </ClCompile>
    <ClCompile Include="..\math\VectorTemplate.cpp">
      <Filter>Source Files</Filter>
    </ClCompile>
    <ClCompile Include="..\math3d\AABB2D.cpp">
      <Filter>Source Files</Filter>
    </ClCompile>
    <ClCompile Include="..\math3d\AABB3D.cpp">
      <Filter>Source Files</Filter>
    </ClCompile>
    <ClCompile Include="..\math3d\Box3D.cpp">
      <Filter>Source Files</Filter>
    </ClCompile>
    <ClCompile Include="..\math3d\Circle3D.cpp">
      <Filter>Source Files</Filter>
    </ClCompile>
    <ClCompile Include="..\math3d\clip.cpp">
      <Filter>Source Files</Filter>
    </ClCompile>
    <ClCompile Include="..\math3d\Cylinder3D.cpp">
      <Filter>Source Files</Filter>
    </ClCompile>
    <ClCompile Include="..\math3d\geometry2d.cpp">
      <Filter>Source Files</Filter>
    </ClCompile>
    <ClCompile Include="..\math3d\geometry3d.cpp">
      <Filter>Source Files</Filter>
    </ClCompile>
    <ClCompile Include="..\math3d\interpolate.cpp">
      <Filter>Source Files</Filter>
    </ClCompile>
    <ClCompile Include="..\math3d\Line2D.cpp">
      <Filter>Source Files</Filter>
    </ClCompile>
    <ClCompile Include="..\math3d\Line3D.cpp">
      <Filter>Source Files</Filter>
    </ClCompile>
    <ClCompile Include="..\math3d\LinearAlgebra.cpp">
      <Filter>Source Files</Filter>
    </ClCompile>
    <ClCompile Include="..\math3d\LinearlyDependent.cpp">
      <Filter>Source Files</Filter>
    </ClCompile>
    <ClCompile Include="..\math3d\LocalCoordinates2D.cpp">
      <Filter>Source Files</Filter>
    </ClCompile>
    <ClCompile Include="..\math3d\LocalCoordinates3D.cpp">
      <Filter>Source Files</Filter>
    </ClCompile>
    <ClCompile Include="..\math3d\Plane3D.cpp">
      <Filter>Source Files</Filter>
    </ClCompile>
    <ClCompile Include="..\math3d\polar.cpp">
      <Filter>Source Files</Filter>
    </ClCompile>
    <ClCompile Include="..\math3d\Polygon2D.cpp">
      <Filter>Source Files</Filter>
    </ClCompile>
    <ClCompile Include="..\math3d\Polygon3D.cpp">
      <Filter>Source Files</Filter>
    </ClCompile>
    <ClCompile Include="..\math3d\Polyhedron3D.cpp">
      <Filter>Source Files</Filter>
    </ClCompile>
    <ClCompile Include="..\math3d\primitives.cpp">
      <Filter>Source Files</Filter>
    </ClCompile>
    <ClCompile Include="..\math3d\quatinline.cpp">
      <Filter>Source Files</Filter>
    </ClCompile>
    <ClCompile Include="..\math3d\random.cpp">
      <Filter>Source Files</Filter>
    </ClCompile>
    <ClCompile Include="..\math3d\Ray3D.cpp">
      <Filter>Source Files</Filter>
    </ClCompile>
    <ClCompile Include="..\math3d\rotation.cpp">
      <Filter>Source Files</Filter>
    </ClCompile>
    <ClCompile Include="..\math3d\rotationfit.cpp">
      <Filter>Source Files</Filter>
    </ClCompile>
    <ClCompile Include="..\math3d\Segment2D.cpp">
      <Filter>Source Files</Filter>
    </ClCompile>
    <ClCompile Include="..\math3d\Segment3D.cpp">
      <Filter>Source Files</Filter>
    </ClCompile>
    <ClCompile Include="..\math3d\Triangle2D.cpp">
      <Filter>Source Files</Filter>
    </ClCompile>
    <ClCompile Include="..\math3d\Triangle3D.cpp">
      <Filter>Source Files</Filter>
    </ClCompile>
    <ClCompile Include="..\meshing\ClosestPoint.cpp">
      <Filter>Source Files</Filter>
    </ClCompile>
    <ClCompile Include="..\meshing\Expand.cpp">
      <Filter>Source Files</Filter>
    </ClCompile>
    <ClCompile Include="..\meshing\Geodesic.cpp">
      <Filter>Source Files</Filter>
    </ClCompile>
    <ClCompile Include="..\meshing\IO.cpp">
      <Filter>Source Files</Filter>
    </ClCompile>
    <ClCompile Include="..\meshing\LSConformalMapping.cpp">
      <Filter>Source Files</Filter>
    </ClCompile>
    <ClCompile Include="..\meshing\MarchingCubes.cpp">
      <Filter>Source Files</Filter>
    </ClCompile>
    <ClCompile Include="..\meshing\Meshing.cpp">
      <Filter>Source Files</Filter>
    </ClCompile>
    <ClCompile Include="..\meshing\MeshPrimitives.cpp">
      <Filter>Source Files</Filter>
    </ClCompile>
    <ClCompile Include="..\meshing\PointCloud.cpp">
      <Filter>Source Files</Filter>
    </ClCompile>
    <ClCompile Include="..\meshing\Rasterize.cpp">
      <Filter>Source Files</Filter>
    </ClCompile>
    <ClCompile Include="..\meshing\TriMesh.cpp">
      <Filter>Source Files</Filter>
    </ClCompile>
    <ClCompile Include="..\meshing\TriMeshOperators.cpp">
      <Filter>Source Files</Filter>
    </ClCompile>
    <ClCompile Include="..\meshing\TriMeshTopology.cpp">
      <Filter>Source Files</Filter>
    </ClCompile>
    <ClCompile Include="..\meshing\VolumeGrid.cpp">
      <Filter>Source Files</Filter>
    </ClCompile>
    <ClCompile Include="..\meshing\Voxelize.cpp">
      <Filter>Source Files</Filter>
    </ClCompile>
    <ClCompile Include="..\optimization\BoundedLSQRSolver.cpp">
      <Filter>Source Files</Filter>
    </ClCompile>
    <ClCompile Include="..\optimization\GLPKInterface.cpp">
      <Filter>Source Files</Filter>
    </ClCompile>
    <ClCompile Include="..\optimization\LCP.cpp">
      <Filter>Source Files</Filter>
    </ClCompile>
    <ClCompile Include="..\optimization\LeastSquares.cpp">
      <Filter>Source Files</Filter>
    </ClCompile>
    <ClCompile Include="..\optimization\LinearProgram.cpp">
      <Filter>Source Files</Filter>
    </ClCompile>
    <ClCompile Include="..\optimization\LPOptimumFunction.cpp">
      <Filter>Source Files</Filter>
    </ClCompile>
    <ClCompile Include="..\optimization\LPRobust.cpp">
      <Filter>Source Files</Filter>
    </ClCompile>
    <ClCompile Include="..\optimization\LP_InteriorPoint.cpp">
      <Filter>Source Files</Filter>
    </ClCompile>
    <ClCompile Include="..\optimization\lsqr.cpp">
      <Filter>Source Files</Filter>
    </ClCompile>
    <ClCompile Include="..\optimization\LSQRInterface.cpp">
      <Filter>Source Files</Filter>
    </ClCompile>
    <ClCompile Include="..\optimization\Minimization.cpp">
      <Filter>Source Files</Filter>
    </ClCompile>
    <ClCompile Include="..\optimization\MinNormProblem.cpp">
      <Filter>Source Files</Filter>
    </ClCompile>
    <ClCompile Include="..\optimization\Newton.cpp">
      <Filter>Source Files</Filter>
    </ClCompile>
    <ClCompile Include="..\optimization\NewtonSolver.cpp">
      <Filter>Source Files</Filter>
    </ClCompile>
    <ClCompile Include="..\optimization\NonlinearProgram.cpp">
      <Filter>Source Files</Filter>
    </ClCompile>
    <ClCompile Include="..\optimization\QuadProgPPInterface.cpp">
      <Filter>Source Files</Filter>
    </ClCompile>
    <ClCompile Include="..\optimization\QuadraticProgram.cpp">
      <Filter>Source Files</Filter>
    </ClCompile>
    <ClCompile Include="..\optimization\RegularizedLinearProgram.cpp">
      <Filter>Source Files</Filter>
    </ClCompile>
    <ClCompile Include="..\optimization\SelfTest.cpp">
      <Filter>Source Files</Filter>
    </ClCompile>
    <ClCompile Include="..\planning\AnyMotionPlanner.cpp">
      <Filter>Source Files</Filter>
    </ClCompile>
    <ClCompile Include="..\planning\CSpace.cpp">
      <Filter>Source Files</Filter>
    </ClCompile>
    <ClCompile Include="..\planning\CSpaceAnalysis.cpp">
      <Filter>Source Files</Filter>
    </ClCompile>
    <ClCompile Include="..\planning\CVSpace.cpp">
      <Filter>Source Files</Filter>
    </ClCompile>
    <ClCompile Include="..\planning\DisplacementPlanner.cpp">
      <Filter>Source Files</Filter>
    </ClCompile>
    <ClCompile Include="..\planning\EdgePlanner.cpp">
      <Filter>Source Files</Filter>
    </ClCompile>
    <ClCompile Include="..\planning\ExplicitCSpace.cpp">
      <Filter>Source Files</Filter>
    </ClCompile>
    <ClCompile Include="..\planning\GeneralizedBezierCurve.cpp">
      <Filter>Source Files</Filter>
    </ClCompile>
    <ClCompile Include="..\planning\Geometric2DCSpace.cpp">
      <Filter>Source Files</Filter>
    </ClCompile>
    <ClCompile Include="..\planning\Grid2DCSpace.cpp">
      <Filter>Source Files</Filter>
    </ClCompile>
    <ClCompile Include="..\planning\KinodynamicCSpace.cpp">
      <Filter>Source Files</Filter>
    </ClCompile>
    <ClCompile Include="..\planning\KinodynamicMotionPlanner.cpp">
      <Filter>Source Files</Filter>
    </ClCompile>
    <ClCompile Include="..\planning\KinodynamicPath.cpp">
      <Filter>Source Files</Filter>
    </ClCompile>
    <ClCompile Include="..\planning\MCRPlanner.cpp">
      <Filter>Source Files</Filter>
    </ClCompile>
    <ClCompile Include="..\planning\MCRPlannerGoalSet.cpp">
      <Filter>Source Files</Filter>
    </ClCompile>
    <ClCompile Include="..\planning\MotionPlanner.cpp">
      <Filter>Source Files</Filter>
    </ClCompile>
    <ClCompile Include="..\planning\MultiModalPlanner.cpp">
      <Filter>Source Files</Filter>
    </ClCompile>
    <ClCompile Include="..\planning\MultiRobot2DCSpace.cpp">
      <Filter>Source Files</Filter>
    </ClCompile>
    <ClCompile Include="..\planning\OptimalMotionPlanner.cpp">
      <Filter>Source Files</Filter>
    </ClCompile>
    <ClCompile Include="..\planning\Path.cpp">
      <Filter>Source Files</Filter>
    </ClCompile>
    <ClCompile Include="..\planning\PerturbationCSpace.cpp">
      <Filter>Source Files</Filter>
    </ClCompile>
    <ClCompile Include="..\planning\RigidRobot2DCSpace.cpp">
      <Filter>Source Files</Filter>
    </ClCompile>
    <ClCompile Include="..\planning\SBL.cpp">
      <Filter>Source Files</Filter>
    </ClCompile>
    <ClCompile Include="..\planning\SBLTree.cpp">
      <Filter>Source Files</Filter>
    </ClCompile>
    <ClCompile Include="..\planning\SpaceTimeCSpace.cpp">
      <Filter>Source Files</Filter>
    </ClCompile>
    <ClCompile Include="..\planning\TimedPath.cpp">
      <Filter>Source Files</Filter>
    </ClCompile>
    <ClCompile Include="..\planning\TranslatingRobot2DCSpace.cpp">
      <Filter>Source Files</Filter>
    </ClCompile>
    <ClCompile Include="..\planning\VisibilityGraphPlanner.cpp">
      <Filter>Source Files</Filter>
    </ClCompile>
    <ClCompile Include="..\robotics\AnalyticIK.cpp">
      <Filter>Source Files</Filter>
    </ClCompile>
    <ClCompile Include="..\robotics\AngleBracket.cpp">
      <Filter>Source Files</Filter>
    </ClCompile>
    <ClCompile Include="..\robotics\Chain.cpp">
      <Filter>Source Files</Filter>
    </ClCompile>
    <ClCompile Include="..\robotics\ConstrainedDynamics.cpp">
      <Filter>Source Files</Filter>
    </ClCompile>
    <ClCompile Include="..\robotics\Contact.cpp">
      <Filter>Source Files</Filter>
    </ClCompile>
    <ClCompile Include="..\robotics\DenavitHartenberg.cpp">
      <Filter>Source Files</Filter>
    </ClCompile>
    <ClCompile Include="..\robotics\DynamicChain.cpp">
      <Filter>Source Files</Filter>
    </ClCompile>
    <ClCompile Include="..\robotics\DynamicChain3D.cpp">
      <Filter>Source Files</Filter>
    </ClCompile>
    <ClCompile Include="..\robotics\Geometry.cpp">
      <Filter>Source Files</Filter>
    </ClCompile>
    <ClCompile Include="..\robotics\IK.cpp">
      <Filter>Source Files</Filter>
    </ClCompile>
    <ClCompile Include="..\robotics\IKFunctions.cpp">
      <Filter>Source Files</Filter>
    </ClCompile>
    <ClCompile Include="..\robotics\Inertia.cpp">
      <Filter>Source Files</Filter>
    </ClCompile>
    <ClCompile Include="..\robotics\JointStructure.cpp">
      <Filter>Source Files</Filter>
    </ClCompile>
    <ClCompile Include="..\robotics\KinematicChain.cpp">
      <Filter>Source Files</Filter>
    </ClCompile>
    <ClCompile Include="..\robotics\KinematicChain3D.cpp">
      <Filter>Source Files</Filter>
    </ClCompile>
    <ClCompile Include="..\robotics\Kinematics.cpp">
      <Filter>Source Files</Filter>
    </ClCompile>
    <ClCompile Include="..\robotics\NewtonEuler.cpp">
      <Filter>Source Files</Filter>
    </ClCompile>
    <ClCompile Include="..\robotics\RigidBodyDynamics.cpp">
      <Filter>Source Files</Filter>
    </ClCompile>
    <ClCompile Include="..\robotics\RLG.cpp">
      <Filter>Source Files</Filter>
    </ClCompile>
    <ClCompile Include="..\robotics\RobotDynamics3D.cpp">
      <Filter>Source Files</Filter>
    </ClCompile>
    <ClCompile Include="..\robotics\RobotKinematics3D.cpp">
      <Filter>Source Files</Filter>
    </ClCompile>
    <ClCompile Include="..\robotics\RobotLink3D.cpp">
      <Filter>Source Files</Filter>
    </ClCompile>
    <ClCompile Include="..\robotics\RobotWithGeometry.cpp">
      <Filter>Source Files</Filter>
    </ClCompile>
    <ClCompile Include="..\robotics\Rotation.cpp">
      <Filter>Source Files</Filter>
    </ClCompile>
    <ClCompile Include="..\robotics\SelfTest.cpp">
      <Filter>Source Files</Filter>
    </ClCompile>
    <ClCompile Include="..\robotics\Simulate.cpp">
      <Filter>Source Files</Filter>
    </ClCompile>
    <ClCompile Include="..\robotics\Stability.cpp">
      <Filter>Source Files</Filter>
    </ClCompile>
    <ClCompile Include="..\robotics\TorqueSolver.cpp">
      <Filter>Source Files</Filter>
    </ClCompile>
    <ClCompile Include="..\robotics\WorkspaceBound.cpp">
      <Filter>Source Files</Filter>
    </ClCompile>
    <ClCompile Include="..\spline\basis.cpp">
      <Filter>Source Files</Filter>
    </ClCompile>
    <ClCompile Include="..\spline\BSpline.cpp">
      <Filter>Source Files</Filter>
    </ClCompile>
    <ClCompile Include="..\spline\Hermite.cpp">
      <Filter>Source Files</Filter>
    </ClCompile>
    <ClCompile Include="..\spline\MonotonicSpline.cpp">
      <Filter>Source Files</Filter>
    </ClCompile>
    <ClCompile Include="..\spline\path.cpp">
      <Filter>Source Files</Filter>
    </ClCompile>
    <ClCompile Include="..\spline\PiecewisePolynomial.cpp">
      <Filter>Source Files</Filter>
    </ClCompile>
    <ClCompile Include="..\spline\spline.cpp">
      <Filter>Source Files</Filter>
    </ClCompile>
    <ClCompile Include="..\statistics\BetaDistribution.cpp">
      <Filter>Source Files</Filter>
    </ClCompile>
    <ClCompile Include="..\statistics\CategoricalDistribution.cpp">
      <Filter>Source Files</Filter>
    </ClCompile>
    <ClCompile Include="..\statistics\DataSet.cpp">
      <Filter>Source Files</Filter>
    </ClCompile>
    <ClCompile Include="..\statistics\DistributionCollector.cpp">
      <Filter>Source Files</Filter>
    </ClCompile>
    <ClCompile Include="..\statistics\GaussianDistribution.cpp">
      <Filter>Source Files</Filter>
    </ClCompile>
    <ClCompile Include="..\statistics\GaussianHMM.cpp">
      <Filter>Source Files</Filter>
    </ClCompile>
    <ClCompile Include="..\statistics\GaussianMixtureModel.cpp">
      <Filter>Source Files</Filter>
    </ClCompile>
    <ClCompile Include="..\statistics\HierarchicalClustering.cpp">
      <Filter>Source Files</Filter>
    </ClCompile>
    <ClCompile Include="..\statistics\Histogram.cpp">
      <Filter>Source Files</Filter>
    </ClCompile>
    <ClCompile Include="..\statistics\HistogramND.cpp">
      <Filter>Source Files</Filter>
    </ClCompile>
    <ClCompile Include="..\statistics\KMeans.cpp">
      <Filter>Source Files</Filter>
    </ClCompile>
    <ClCompile Include="..\statistics\LinearModel.cpp">
      <Filter>Source Files</Filter>
    </ClCompile>
    <ClCompile Include="..\statistics\LinearProcessHMM.cpp">
      <Filter>Source Files</Filter>
    </ClCompile>
    <ClCompile Include="..\statistics\LogisticModel.cpp">
      <Filter>Source Files</Filter>
    </ClCompile>
    <ClCompile Include="..\statistics\OLS.cpp">
      <Filter>Source Files</Filter>
    </ClCompile>
    <ClCompile Include="..\statistics\OnlineMoments.cpp">
      <Filter>Source Files</Filter>
    </ClCompile>
    <ClCompile Include="..\statistics\OnlineOLS.cpp">
      <Filter>Source Files</Filter>
    </ClCompile>
    <ClCompile Include="..\statistics\statistics.cpp">
      <Filter>Source Files</Filter>
    </ClCompile>
    <ClCompile Include="..\statistics\UniformDistribution.cpp">
      <Filter>Source Files</Filter>
    </ClCompile>
    <ClCompile Include="..\utils\AnyCollection.cpp">
      <Filter>Source Files</Filter>
    </ClCompile>
    <ClCompile Include="..\utils\AnyMapper.cpp">
      <Filter>Source Files</Filter>
    </ClCompile>
    <ClCompile Include="..\utils\AsyncIO.cpp">
      <Filter>Source Files</Filter>
    </ClCompile>
    <ClCompile Include="..\utils\CommandLine.cpp">
      <Filter>Source Files</Filter>
    </ClCompile>
    <ClCompile Include="..\utils\CoverSet.cpp">
      <Filter>Source Files</Filter>
    </ClCompile>
    <ClCompile Include="..\utils\DataCollector.cpp">
      <Filter>Source Files</Filter>
    </ClCompile>
    <ClCompile Include="..\utils\EZTrace.cpp">
      <Filter>Source Files</Filter>
    </ClCompile>
    <ClCompile Include="..\utils\fileutils.cpp">
      <Filter>Source Files</Filter>
    </ClCompile>
    <ClCompile Include="..\utils\indexing.cpp">
      <Filter>Source Files</Filter>
    </ClCompile>
    <ClCompile Include="..\utils\IndexSet.cpp">
      <Filter>Source Files</Filter>
    </ClCompile>
    <ClCompile Include="..\utils\ioutils.cpp">
      <Filter>Source Files</Filter>
    </ClCompile>
    <ClCompile Include="..\utils\ParamList.cpp">
      <Filter>Source Files</Filter>
    </ClCompile>
    <ClCompile Include="..\utils\PrimitiveValue.cpp">
      <Filter>Source Files</Filter>
    </ClCompile>
    <ClCompile Include="..\utils\ProgressPrinter.cpp">
      <Filter>Source Files</Filter>
    </ClCompile>
    <ClCompile Include="..\utils\PropertyMap.cpp">
      <Filter>Source Files</Filter>
    </ClCompile>
    <ClCompile Include="..\utils\RangeSet.cpp">
      <Filter>Source Files</Filter>
    </ClCompile>
    <ClCompile Include="..\utils\RangeSet2D.cpp">
      <Filter>Source Files</Filter>
    </ClCompile>
    <ClCompile Include="..\utils\RefPointer.cpp">
      <Filter>Source Files</Filter>
    </ClCompile>
    <ClCompile Include="..\utils\ResourceLibrary.cpp">
      <Filter>Source Files</Filter>
    </ClCompile>
    <ClCompile Include="..\utils\SignalHandler.cpp">
      <Filter>Source Files</Filter>
    </ClCompile>
    <ClCompile Include="..\utils\SimpleFile.cpp">
      <Filter>Source Files</Filter>
    </ClCompile>
    <ClCompile Include="..\utils\SimpleParser.cpp">
      <Filter>Source Files</Filter>
    </ClCompile>
    <ClCompile Include="..\utils\socketutils.cpp">
      <Filter>Source Files</Filter>
    </ClCompile>
    <ClCompile Include="..\utils\StatCollector.cpp">
      <Filter>Source Files</Filter>
    </ClCompile>
    <ClCompile Include="..\utils\stringutils.cpp">
      <Filter>Source Files</Filter>
    </ClCompile>
    <ClCompile Include="..\utils\Subset.cpp">
      <Filter>Source Files</Filter>
    </ClCompile>
    <ClCompile Include="..\utils\Trace.cpp">
      <Filter>Source Files</Filter>
    </ClCompile>
    <ClCompile Include="..\utils\unionfind.cpp">
      <Filter>Source Files</Filter>
    </ClCompile>
    <ClCompile Include="..\geometry\PQP\src\Build.cpp">
      <Filter>Source Files</Filter>
    </ClCompile>
    <ClCompile Include="..\geometry\PQP\src\BV.cpp">
      <Filter>Source Files</Filter>
    </ClCompile>
    <ClCompile Include="..\geometry\PQP\src\PQP.cpp">
      <Filter>Source Files</Filter>
    </ClCompile>
    <ClCompile Include="..\geometry\PQP\src\TriDist.cpp">
      <Filter>Source Files</Filter>
    </ClCompile>
  </ItemGroup>
  <ItemGroup>
    <CustomBuild Include="..\CMakeLists.txt" />
  </ItemGroup>
  <ItemGroup>
    <Filter Include="Source Files">
      <UniqueIdentifier>{D57C719D-CBBC-48D4-916B-746D9C1FE882}</UniqueIdentifier>
    </Filter>
  </ItemGroup>
</Project>
