Microsoft Visual Studio Solution File, Format Version 12.00
# Visual Studio 14
Project("{8BC9CEB8-8B4A-11D0-8D11-00A0C91BC942}") = "ALL_BUILD", "ALL_BUILD.vcxproj", "{02A76EAB-15D3-352F-8BDF-DA867C8582F7}"
	ProjectSection(ProjectDependencies) = postProject
		{59AE26C8-9024-383A-9B76-CFCF573A4035} = {59AE26C8-9024-383A-9B76-CFCF573A4035}
		{553191ED-4F00-3276-8DD0-719BE2EED83E} = {553191ED-4F00-3276-8DD0-719BE2EED83E}
	EndProjectSection
EndProject
Project("{8BC9CEB8-8B4A-11D0-8D11-00A0C91BC942}") = "INSTALL", "INSTALL.vcxproj", "{BC4AC0EC-0EAD-3549-AC1F-F51DACB30631}"
	ProjectSection(ProjectDependencies) = postProject
		{02A76EAB-15D3-352F-8BDF-DA867C8582F7} = {02A76EAB-15D3-352F-8BDF-DA867C8582F7}
		{553191ED-4F00-3276-8DD0-719BE2EED83E} = {553191ED-4F00-3276-8DD0-719BE2EED83E}
	EndProjectSection
EndProject
Project("{8BC9CEB8-8B4A-11D0-8D11-00A0C91BC942}") = "KrisLibrary", "KrisLibrary.vcxproj", "{59AE26C8-9024-383A-9B76-CFCF573A4035}"
	ProjectSection(ProjectDependencies) = postProject
		{553191ED-4F00-3276-8DD0-719BE2EED83E} = {553191ED-4F00-3276-8DD0-719BE2EED83E}
	EndProjectSection
EndProject
Project("{8BC9CEB8-8B4A-11D0-8D11-00A0C91BC942}") = "PACKAGE", "PACKAGE.vcxproj", "{8E6BF7C6-B22D-3FE8-AEDC-7B7ED81A1108}"
	ProjectSection(ProjectDependencies) = postProject
		{02A76EAB-15D3-352F-8BDF-DA867C8582F7} = {02A76EAB-15D3-352F-8BDF-DA867C8582F7}
		{553191ED-4F00-3276-8DD0-719BE2EED83E} = {553191ED-4F00-3276-8DD0-719BE2EED83E}
	EndProjectSection
EndProject
Project("{8BC9CEB8-8B4A-11D0-8D11-00A0C91BC942}") = "ZERO_CHECK", "ZERO_CHECK.vcxproj", "{553191ED-4F00-3276-8DD0-719BE2EED83E}"
	ProjectSection(ProjectDependencies) = postProject
	EndProjectSection
EndProject
Project("{8BC9CEB8-8B4A-11D0-8D11-00A0C91BC942}") = "uninstall", "uninstall.vcxproj", "{E3B3CD91-8C37-3AC5-BD40-5C532DCB2328}"
	ProjectSection(ProjectDependencies) = postProject
		{553191ED-4F00-3276-8DD0-719BE2EED83E} = {553191ED-4F00-3276-8DD0-719BE2EED83E}
	EndProjectSection
EndProject
Global
	GlobalSection(SolutionConfigurationPlatforms) = preSolution
		Debug|Win32 = Debug|Win32
		Release|Win32 = Release|Win32
		MinSizeRel|Win32 = MinSizeRel|Win32
		RelWithDebInfo|Win32 = RelWithDebInfo|Win32
	EndGlobalSection
	GlobalSection(ProjectConfigurationPlatforms) = postSolution
		{02A76EAB-15D3-352F-8BDF-DA867C8582F7}.Debug|Win32.ActiveCfg = Debug|Win32
		{02A76EAB-15D3-352F-8BDF-DA867C8582F7}.Debug|Win32.Build.0 = Debug|Win32
		{02A76EAB-15D3-352F-8BDF-DA867C8582F7}.Release|Win32.ActiveCfg = Release|Win32
		{02A76EAB-15D3-352F-8BDF-DA867C8582F7}.Release|Win32.Build.0 = Release|Win32
		{02A76EAB-15D3-352F-8BDF-DA867C8582F7}.MinSizeRel|Win32.ActiveCfg = MinSizeRel|Win32
		{02A76EAB-15D3-352F-8BDF-DA867C8582F7}.MinSizeRel|Win32.Build.0 = MinSizeRel|Win32
		{02A76EAB-15D3-352F-8BDF-DA867C8582F7}.RelWithDebInfo|Win32.ActiveCfg = RelWithDebInfo|Win32
		{02A76EAB-15D3-352F-8BDF-DA867C8582F7}.RelWithDebInfo|Win32.Build.0 = RelWithDebInfo|Win32
		{BC4AC0EC-0EAD-3549-AC1F-F51DACB30631}.Debug|Win32.ActiveCfg = Debug|Win32
		{BC4AC0EC-0EAD-3549-AC1F-F51DACB30631}.Release|Win32.ActiveCfg = Release|Win32
		{BC4AC0EC-0EAD-3549-AC1F-F51DACB30631}.MinSizeRel|Win32.ActiveCfg = MinSizeRel|Win32
		{BC4AC0EC-0EAD-3549-AC1F-F51DACB30631}.RelWithDebInfo|Win32.ActiveCfg = RelWithDebInfo|Win32
		{59AE26C8-9024-383A-9B76-CFCF573A4035}.Debug|Win32.ActiveCfg = Debug|Win32
		{59AE26C8-9024-383A-9B76-CFCF573A4035}.Debug|Win32.Build.0 = Debug|Win32
		{59AE26C8-9024-383A-9B76-CFCF573A4035}.Release|Win32.ActiveCfg = Release|Win32
		{59AE26C8-9024-383A-9B76-CFCF573A4035}.Release|Win32.Build.0 = Release|Win32
		{59AE26C8-9024-383A-9B76-CFCF573A4035}.MinSizeRel|Win32.ActiveCfg = MinSizeRel|Win32
		{59AE26C8-9024-383A-9B76-CFCF573A4035}.MinSizeRel|Win32.Build.0 = MinSizeRel|Win32
		{59AE26C8-9024-383A-9B76-CFCF573A4035}.RelWithDebInfo|Win32.ActiveCfg = RelWithDebInfo|Win32
		{59AE26C8-9024-383A-9B76-CFCF573A4035}.RelWithDebInfo|Win32.Build.0 = RelWithDebInfo|Win32
		{8E6BF7C6-B22D-3FE8-AEDC-7B7ED81A1108}.Debug|Win32.ActiveCfg = Debug|Win32
		{8E6BF7C6-B22D-3FE8-AEDC-7B7ED81A1108}.Release|Win32.ActiveCfg = Release|Win32
		{8E6BF7C6-B22D-3FE8-AEDC-7B7ED81A1108}.MinSizeRel|Win32.ActiveCfg = MinSizeRel|Win32
		{8E6BF7C6-B22D-3FE8-AEDC-7B7ED81A1108}.RelWithDebInfo|Win32.ActiveCfg = RelWithDebInfo|Win32
		{553191ED-4F00-3276-8DD0-719BE2EED83E}.Debug|Win32.ActiveCfg = Debug|Win32
		{553191ED-4F00-3276-8DD0-719BE2EED83E}.Debug|Win32.Build.0 = Debug|Win32
		{553191ED-4F00-3276-8DD0-719BE2EED83E}.Release|Win32.ActiveCfg = Release|Win32
		{553191ED-4F00-3276-8DD0-719BE2EED83E}.Release|Win32.Build.0 = Release|Win32
		{553191ED-4F00-3276-8DD0-719BE2EED83E}.MinSizeRel|Win32.ActiveCfg = MinSizeRel|Win32
		{553191ED-4F00-3276-8DD0-719BE2EED83E}.MinSizeRel|Win32.Build.0 = MinSizeRel|Win32
		{553191ED-4F00-3276-8DD0-719BE2EED83E}.RelWithDebInfo|Win32.ActiveCfg = RelWithDebInfo|Win32
		{553191ED-4F00-3276-8DD0-719BE2EED83E}.RelWithDebInfo|Win32.Build.0 = RelWithDebInfo|Win32
		{E3B3CD91-8C37-3AC5-BD40-5C532DCB2328}.Debug|Win32.ActiveCfg = Debug|Win32
		{E3B3CD91-8C37-3AC5-BD40-5C532DCB2328}.Release|Win32.ActiveCfg = Release|Win32
		{E3B3CD91-8C37-3AC5-BD40-5C532DCB2328}.MinSizeRel|Win32.ActiveCfg = MinSizeRel|Win32
		{E3B3CD91-8C37-3AC5-BD40-5C532DCB2328}.RelWithDebInfo|Win32.ActiveCfg = RelWithDebInfo|Win32
	EndGlobalSection
	GlobalSection(ExtensibilityGlobals) = postSolution
	EndGlobalSection
	GlobalSection(ExtensibilityAddIns) = postSolution
	EndGlobalSection
EndGlobal
